
Microsoft Visual Studio Solution File, Format Version 12.00
# Visual Studio Version 17
VisualStudioVersion = 17.0.31903.59
MinimumVisualStudioVersion = 10.0.40219.1
Project("{FAE04EC0-301F-11D3-BF4B-00C04F79EFBC}") = "linq3", "linq3.csproj", "{32546C0B-6601-4210-A8BE-93F1E50E2807}"
EndProject
Global
	GlobalSection(SolutionConfigurationPlatforms) = preSolution
		Debug|Any CPU = Debug|Any CPU
		Release|Any CPU = Release|Any CPU
	EndGlobalSection
	GlobalSection(ProjectConfigurationPlatforms) = postSolution
		{32546C0B-6601-4210-A8BE-93F1E50E2807}.Debug|Any CPU.ActiveCfg = Debug|Any CPU
		{32546C0B-6601-4210-A8BE-93F1E50E2807}.Debug|Any CPU.Build.0 = Debug|Any CPU
		{32546C0B-6601-4210-A8BE-93F1E50E2807}.Release|Any CPU.ActiveCfg = Release|Any CPU
		{32546C0B-6601-4210-A8BE-93F1E50E2807}.Release|Any CPU.Build.0 = Release|Any CPU
	EndGlobalSection
	GlobalSection(SolutionProperties) = preSolution
		HideSolutionNode = FALSE
	EndGlobalSection
	GlobalSection(ExtensibilityGlobals) = postSolution
		SolutionGuid = {09421A3F-F0AA-4059-8FBC-7F2E59996946}
	EndGlobalSection
EndGlobal
